
Microsoft Visual Studio Solution File, Format Version 12.00
# Visual Studio 2013
VisualStudioVersion = 12.0.21005.1
MinimumVisualStudioVersion = 10.0.40219.1
Project("{FAE04EC0-301F-11D3-BF4B-00C04F79EFBC}") = "longest-increasing-subsequence", "longest-increasing-subsequence\longest-increasing-subsequence.csproj", "{F6C09D2D-44AE-4759-874F-BD378CC17504}"
EndProject
Project("{FAE04EC0-301F-11D3-BF4B-00C04F79EFBC}") = "lis.test", "lis.test\lis.test.csproj", "{88CF4230-1801-43D9-9F1B-A9576845E677}"
EndProject
Project("{2150E333-8FDC-42A3-9474-1A3956D46DE8}") = "Solution Items", "Solution Items", "{5968C32C-52F1-4688-9BAA-D3EAB9045A95}"
	ProjectSection(SolutionItems) = preProject
		Performance1.psess = Performance1.psess
		Performance2.psess = Performance2.psess
	EndProjectSection
EndProject
Global
	GlobalSection(SolutionConfigurationPlatforms) = preSolution
		Debug|Any CPU = Debug|Any CPU
		Release|Any CPU = Release|Any CPU
	EndGlobalSection
	GlobalSection(ProjectConfigurationPlatforms) = postSolution
		{F6C09D2D-44AE-4759-874F-BD378CC17504}.Debug|Any CPU.ActiveCfg = Debug|Any CPU
		{F6C09D2D-44AE-4759-874F-BD378CC17504}.Debug|Any CPU.Build.0 = Debug|Any CPU
		{F6C09D2D-44AE-4759-874F-BD378CC17504}.Release|Any CPU.ActiveCfg = Release|Any CPU
		{F6C09D2D-44AE-4759-874F-BD378CC17504}.Release|Any CPU.Build.0 = Release|Any CPU
		{88CF4230-1801-43D9-9F1B-A9576845E677}.Debug|Any CPU.ActiveCfg = Debug|Any CPU
		{88CF4230-1801-43D9-9F1B-A9576845E677}.Debug|Any CPU.Build.0 = Debug|Any CPU
		{88CF4230-1801-43D9-9F1B-A9576845E677}.Release|Any CPU.ActiveCfg = Release|Any CPU
		{88CF4230-1801-43D9-9F1B-A9576845E677}.Release|Any CPU.Build.0 = Release|Any CPU
	EndGlobalSection
	GlobalSection(SolutionProperties) = preSolution
		HideSolutionNode = FALSE
	EndGlobalSection
EndGlobal
